Microsoft Visual Studio Solution File, Format Version 11.00
# Visual Studio 2008

Project("{DBA89226-31C0-59A8-6B92-A0F3056485EE}") = "Biba Reporter", "Assembly-CSharp-vs.csproj", "{BD35A4AD-8B54-4EA5-0DB5-6D2E663C47A6}"
EndProject
Project("{DBA89226-31C0-59A8-6B92-A0F3056485EE}") = "Biba Reporter", "Assembly-CSharp-Editor-vs.csproj", "{B01499D0-4DED-6F13-55A6-4B6D5344634F}"
EndProject
Global
	GlobalSection(SolutionConfigurationPlatforms) = preSolution
		Debug|Any CPU = Debug|Any CPU
		Release|Any CPU = Release|Any CPU
	EndGlobalSection
	GlobalSection(ProjectConfigurationPlatforms) = postSolution
		{BD35A4AD-8B54-4EA5-0DB5-6D2E663C47A6}.Debug|Any CPU.ActiveCfg = Debug|Any CPU
		{BD35A4AD-8B54-4EA5-0DB5-6D2E663C47A6}.Debug|Any CPU.Build.0 = Debug|Any CPU
		{BD35A4AD-8B54-4EA5-0DB5-6D2E663C47A6}.Release|Any CPU.ActiveCfg = Release|Any CPU
		{BD35A4AD-8B54-4EA5-0DB5-6D2E663C47A6}.Release|Any CPU.Build.0 = Release|Any CPU
		{B01499D0-4DED-6F13-55A6-4B6D5344634F}.Debug|Any CPU.ActiveCfg = Debug|Any CPU
		{B01499D0-4DED-6F13-55A6-4B6D5344634F}.Debug|Any CPU.Build.0 = Debug|Any CPU
		{B01499D0-4DED-6F13-55A6-4B6D5344634F}.Release|Any CPU.ActiveCfg = Release|Any CPU
		{B01499D0-4DED-6F13-55A6-4B6D5344634F}.Release|Any CPU.Build.0 = Release|Any CPU
	EndGlobalSection
	GlobalSection(SolutionProperties) = preSolution
		HideSolutionNode = FALSE
	EndGlobalSection
		GlobalSection(MonoDevelopProperties) = preSolution
		StartupItem = Assembly-CSharp.csproj
		Policies = $0
		$0.TextStylePolicy = $1
		$1.inheritsSet = null
		$1.scope = text/x-csharp
		$0.CSharpFormattingPolicy = $2
		$2.inheritsSet = Mono
		$2.inheritsScope = text/x-csharp
		$2.scope = text/x-csharp
		$0.TextStylePolicy = $3
		$3.FileWidth = 120
		$3.TabWidth = 4
		$3.IndentWidth = 4
		$3.EolMarker = Unix
		$3.inheritsSet = Mono
		$3.inheritsScope = text/plain
		$3.scope = text/plain
	EndGlobalSection

EndGlobal
